// !$*UTF8*$!
{
	archiveVersion = 1;
	classes = {
	};
	objectVersion = 50;
	objects = {

/* Begin PBXBuildFile section */
		B41312EF23D2F7C200B724C3 /* AppDelegate.swift in Sources */ = {isa = PBXBuildFile; fileRef = B41312EE23D2F7C200B724C3 /* AppDelegate.swift */; };
		B41312F123D2F7C200B724C3 /* SceneDelegate.swift in Sources */ = {isa = PBXBuildFile; fileRef = B41312F023D2F7C200B724C3 /* SceneDelegate.swift */; };
		B41312F323D2F7C200B724C3 /* ViewController.swift in Sources */ = {isa = PBXBuildFile; fileRef = B41312F223D2F7C200B724C3 /* ViewController.swift */; };
		B41312F623D2F7C300B724C3 /* Main.storyboard in Resources */ = {isa = PBXBuildFile; fileRef = B41312F423D2F7C200B724C3 /* Main.storyboard */; };
		B41312F823D2F7E900B724C3 /* Assets.xcassets in Resources */ = {isa = PBXBuildFile; fileRef = B41312F723D2F7E900B724C3 /* Assets.xcassets */; };
		B41312FB23D2F7E900B724C3 /* LaunchScreen.storyboard in Resources */ = {isa = PBXBuildFile; fileRef = B41312F923D2F7E900B724C3 /* LaunchScreen.storyboard */; };
		B413130323D2FEBA00B724C3 /* Holiday.swift in Sources */ = {isa = PBXBuildFile; fileRef = B413130223D2FEBA00B724C3 /* Holiday.swift */; };
		B413130523D3046000B724C3 /* HolidayRequest.swift in Sources */ = {isa = PBXBuildFile; fileRef = B413130423D3046000B724C3 /* HolidayRequest.swift */; };
/* End PBXBuildFile section */

/* Begin PBXFileReference section */
		B41312EB23D2F7C200B724C3 /* CalendarAPI.app */ = {isa = PBXFileReference; explicitFileType = wrapper.application; includeInIndex = 0; path = CalendarAPI.app; sourceTree = BUILT_PRODUCTS_DIR; };
		B41312EE23D2F7C200B724C3 /* AppDelegate.swift */ = {isa = PBXFileReference; lastKnownFileType = sourcecode.swift; path = AppDelegate.swift; sourceTree = "<group>"; };
		B41312F023D2F7C200B724C3 /* SceneDelegate.swift */ = {isa = PBXFileReference; lastKnownFileType = sourcecode.swift; path = SceneDelegate.swift; sourceTree = "<group>"; };
		B41312F223D2F7C200B724C3 /* ViewController.swift */ = {isa = PBXFileReference; lastKnownFileType = sourcecode.swift; path = ViewController.swift; sourceTree = "<group>"; };
		B41312F523D2F7C200B724C3 /* Base */ = {isa = PBXFileReference; lastKnownFileType = file.storyboard; name = Base; path = Base.lproj/Main.storyboard; sourceTree = "<group>"; };
		B41312F723D2F7E900B724C3 /* Assets.xcassets */ = {isa = PBXFileReference; lastKnownFileType = folder.assetcatalog; path = Assets.xcassets; sourceTree = "<group>"; };
		B41312FA23D2F7E900B724C3 /* Base */ = {isa = PBXFileReference; lastKnownFileType = file.storyboard; name = Base; path = Base.lproj/LaunchScreen.storyboard; sourceTree = "<group>"; };
		B41312FC23D2F7E900B724C3 /* Info.plist */ = {isa = PBXFileReference; lastKnownFileType = text.plist.xml; path = Info.plist; sourceTree = "<group>"; };
		B413130223D2FEBA00B724C3 /* Holiday.swift */ = {isa = PBXFileReference; lastKnownFileType = sourcecode.swift; path = Holiday.swift; sourceTree = "<group>"; };
		B413130423D3046000B724C3 /* HolidayRequest.swift */ = {isa = PBXFileReference; lastKnownFileType = sourcecode.swift; path = HolidayRequest.swift; sourceTree = "<group>"; };
/* End PBXFileReference section */

/* Begin PBXFrameworksBuildPhase section */
		B41312E823D2F7C200B724C3 /* Frameworks */ = {
			isa = PBXFrameworksBuildPhase;
			buildActionMask = 2147483647;
			files = (
			);
			runOnlyForDeploymentPostprocessing = 0;
		};
/* End PBXFrameworksBuildPhase section */

/* Begin PBXGroup section */
		B41312E223D2F7C200B724C3 = {
			isa = PBXGroup;
			children = (
				B41312ED23D2F7C200B724C3 /* CalendarAPI */,
				B41312EC23D2F7C200B724C3 /* Products */,
			);
			sourceTree = "<group>";
		};
		B41312EC23D2F7C200B724C3 /* Products */ = {
			isa = PBXGroup;
			children = (
				B41312EB23D2F7C200B724C3 /* CalendarAPI.app */,
			);
			name = Products;
			sourceTree = "<group>";
		};
		B41312ED23D2F7C200B724C3 /* CalendarAPI */ = {
			isa = PBXGroup;
			children = (
				B41312EE23D2F7C200B724C3 /* AppDelegate.swift */,
				B41312F023D2F7C200B724C3 /* SceneDelegate.swift */,
				B41312F223D2F7C200B724C3 /* ViewController.swift */,
				B413130423D3046000B724C3 /* HolidayRequest.swift */,
				B413130223D2FEBA00B724C3 /* Holiday.swift */,
				B41312F423D2F7C200B724C3 /* Main.storyboard */,
				B41312F723D2F7E900B724C3 /* Assets.xcassets */,
				B41312F923D2F7E900B724C3 /* LaunchScreen.storyboard */,
				B41312FC23D2F7E900B724C3 /* Info.plist */,
			);
			path = CalendarAPI;
			sourceTree = "<group>";
		};
/* End PBXGroup section */

/* Begin PBXNativeTarget section */
		B41312EA23D2F7C200B724C3 /* CalendarAPI */ = {
			isa = PBXNativeTarget;
			buildConfigurationList = B41312FF23D2F7E900B724C3 /* Build configuration list for PBXNativeTarget "CalendarAPI" */;
			buildPhases = (
				B41312E723D2F7C200B724C3 /* Sources */,
				B41312E823D2F7C200B724C3 /* Frameworks */,
				B41312E923D2F7C200B724C3 /* Resources */,
			);
			buildRules = (
			);
			dependencies = (
			);
			name = CalendarAPI;
			productName = CalendarAPI;
			productReference = B41312EB23D2F7C200B724C3 /* CalendarAPI.app */;
			productType = "com.apple.product-type.application";
		};
/* End PBXNativeTarget section */

/* Begin PBXProject section */
		B41312E323D2F7C200B724C3 /* Project object */ = {
			isa = PBXProject;
			attributes = {
				LastSwiftUpdateCheck = 1130;
				LastUpgradeCheck = 1130;
				ORGANIZATIONNAME = "Imran Hossain";
				TargetAttributes = {
					B41312EA23D2F7C200B724C3 = {
						CreatedOnToolsVersion = 11.3;
					};
				};
			};
			buildConfigurationList = B41312E623D2F7C200B724C3 /* Build configuration list for PBXProject "CalendarAPI" */;
			compatibilityVersion = "Xcode 9.3";
			developmentRegion = en;
			hasScannedForEncodings = 0;
			knownRegions = (
				en,
				Base,
			);
			mainGroup = B41312E223D2F7C200B724C3;
			productRefGroup = B41312EC23D2F7C200B724C3 /* Products */;
			projectDirPath = "";
			projectRoot = "";
			targets = (
				B41312EA23D2F7C200B724C3 /* CalendarAPI */,
			);
		};
/* End PBXProject section */

/* Begin PBXResourcesBuildPhase section */
		B41312E923D2F7C200B724C3 /* Resources */ = {
			isa = PBXResourcesBuildPhase;
			buildActionMask = 2147483647;
			files = (
				B41312FB23D2F7E900B724C3 /* LaunchScreen.storyboard in Resources */,
				B41312F823D2F7E900B724C3 /* Assets.xcassets in Resources */,
				B41312F623D2F7C300B724C3 /* Main.storyboard in Resources */,
			);
			runOnlyForDeploymentPostprocessing = 0;
		};
/* End PBXResourcesBuildPhase section */

/* Begin PBXSourcesBuildPhase section */
		B41312E723D2F7C200B724C3 /* Sources */ = {
			isa = PBXSourcesBuildPhase;
			buildActionMask = 2147483647;
			files = (
				B41312F323D2F7C200B724C3 /* ViewController.swift in Sources */,
				B413130523D3046000B724C3 /* HolidayRequest.swift in Sources */,
				B41312EF23D2F7C200B724C3 /* AppDelegate.swift in Sources */,
				B413130323D2FEBA00B724C3 /* Holiday.swift in Sources */,
				B41312F123D2F7C200B724C3 /* SceneDelegate.swift in Sources */,
			);
			runOnlyForDeploymentPostprocessing = 0;
		};
/* End PBXSourcesBuildPhase section */

/* Begin PBXVariantGroup section */
		B41312F423D2F7C200B724C3 /* Main.storyboard */ = {
			isa = PBXVariantGroup;
			children = (
				B41312F523D2F7C200B724C3 /* Base */,
			);
			name = Main.storyboard;
			sourceTree = "<group>";
		};
		B41312F923D2F7E900B724C3 /* LaunchScreen.storyboard */ = {
			isa = PBXVariantGroup;
			children = (
				B41312FA23D2F7E900B724C3 /* Base */,
			);
			name = LaunchScreen.storyboard;
			sourceTree = "<group>";
		};
/* End PBXVariantGroup section */

/* Begin XCBuildConfiguration section */
		B41312FD23D2F7E900B724C3 /* Debug */ = {
			isa = XCBuildConfiguration;
			buildSettings = {
				ALWAYS_SEARCH_USER_PATHS = NO;
				CLANG_ANALYZER_NONNULL = YES;
				CLANG_ANALYZER_NUMBER_OBJECT_CONVERSION = YES_AGGRESSIVE;
				CLANG_CXX_LANGUAGE_STANDARD = "gnu++14";
				CLANG_CXX_LIBRARY = "libc++";
				CLANG_ENABLE_MODULES = YES;
				CLANG_ENABLE_OBJC_ARC = YES;
				CLANG_ENABLE_OBJC_WEAK = YES;
				CLANG_WARN_BLOCK_CAPTURE_AUTORELEASING = YES;
				CLANG_WARN_BOOL_CONVERSION = YES;
				CLANG_WARN_COMMA = YES;
				CLANG_WARN_CONSTANT_CONVERSION = YES;
				CLANG_WARN_DEPRECATED_OBJC_IMPLEMENTATIONS = YES;
				CLANG_WARN_DIRECT_OBJC_ISA_USAGE = YES_ERROR;
				CLANG_WARN_DOCUMENTATION_COMMENTS = YES;
				CLANG_WARN_EMPTY_BODY = YES;
				CLANG_WARN_ENUM_CONVERSION = YES;
				CLANG_WARN_INFINITE_RECURSION = YES;
				CLANG_WARN_INT_CONVERSION = YES;
				CLANG_WARN_NON_LITERAL_NULL_CONVERSION = YES;
				CLANG_WARN_OBJC_IMPLICIT_RETAIN_SELF = YES;
				CLANG_WARN_OBJC_LITERAL_CONVERSION = YES;
				CLANG_WARN_OBJC_ROOT_CLASS = YES_ERROR;
				CLANG_WARN_RANGE_LOOP_ANALYSIS = YES;
				CLANG_WARN_STRICT_PROTOTYPES = YES;
				CLANG_WARN_SUSPICIOUS_MOVE = YES;
				CLANG_WARN_UNGUARDED_AVAILABILITY = YES_AGGRESSIVE;
				CLANG_WARN_UNREACHABLE_CODE = YES;
				CLANG_WARN__DUPLICATE_METHOD_MATCH = YES;
				COPY_PHASE_STRIP = NO;
				DEBUG_INFORMATION_FORMAT = dwarf;
				ENABLE_STRICT_OBJC_MSGSEND = YES;
				ENABLE_TESTABILITY = YES;
				GCC_C_LANGUAGE_STANDARD = gnu11;
				GCC_DYNAMIC_NO_PIC = NO;
				GCC_NO_COMMON_BLOCKS = YES;
				GCC_OPTIMIZATION_LEVEL = 0;
				GCC_PREPROCESSOR_DEFINITIONS = (
					"DEBUG=1",
					"$(inherited)",
				);
				GCC_WARN_64_TO_32_BIT_CONVERSION = YES;
				GCC_WARN_ABOUT_RETURN_TYPE = YES_ERROR;
				GCC_WARN_UNDECLARED_SELECTOR = YES;
				GCC_WARN_UNINITIALIZED_AUTOS = YES_AGGRESSIVE;
				GCC_WARN_UNUSED_FUNCTION = YES;
				GCC_WARN_UNUSED_VARIABLE = YES;
				IPHONEOS_DEPLOYMENT_TARGET = 13.2;
				MTL_ENABLE_DEBUG_INFO = INCLUDE_SOURCE;
				MTL_FAST_MATH = YES;
				ONLY_ACTIVE_ARCH = YES;
				SDKROOT = iphoneos;
				SWIFT_ACTIVE_COMPILATION_CONDITIONS = DEBUG;
				SWIFT_OPTIMIZATION_LEVEL = "-Onone";
			};
			name = Debug;
		};
		B41312FE23D2F7E900B724C3 /* Release */ = {
			isa = XCBuildConfiguration;
			buildSettings = {
				ALWAYS_SEARCH_USER_PATHS = NO;
				CLANG_ANALYZER_NONNULL = YES;
				CLANG_ANALYZER_NUMBER_OBJECT_CONVERSION = YES_AGGRESSIVE;
				CLANG_CXX_LANGUAGE_STANDARD = "gnu++14";
				CLANG_CXX_LIBRARY = "libc++";
				CLANG_ENABLE_MODULES = YES;
				CLANG_ENABLE_OBJC_ARC = YES;
				CLANG_ENABLE_OBJC_WEAK = YES;
				CLANG_WARN_BLOCK_CAPTURE_AUTORELEASING = YES;
				CLANG_WARN_BOOL_CONVERSION = YES;
				CLANG_WARN_COMMA = YES;
				CLANG_WARN_CONSTANT_CONVERSION = YES;
				CLANG_WARN_DEPRECATED_OBJC_IMPLEMENTATIONS = YES;
				CLANG_WARN_DIRECT_OBJC_ISA_USAGE = YES_ERROR;
				CLANG_WARN_DOCUMENTATION_COMMENTS = YES;
				CLANG_WARN_EMPTY_BODY = YES;
				CLANG_WARN_ENUM_CONVERSION = YES;
				CLANG_WARN_INFINITE_RECURSION = YES;
				CLANG_WARN_INT_CONVERSION = YES;
				CLANG_WARN_NON_LITERAL_NULL_CONVERSION = YES;
				CLANG_WARN_OBJC_IMPLICIT_RETAIN_SELF = YES;
				CLANG_WARN_OBJC_LITERAL_CONVERSION = YES;
				CLANG_WARN_OBJC_ROOT_CLASS = YES_ERROR;
				CLANG_WARN_RANGE_LOOP_ANALYSIS = YES;
				CLANG_WARN_STRICT_PROTOTYPES = YES;
				CLANG_WARN_SUSPICIOUS_MOVE = YES;
				CLANG_WARN_UNGUARDED_AVAILABILITY = YES_AGGRESSIVE;
				CLANG_WARN_UNREACHABLE_CODE = YES;
				CLANG_WARN__DUPLICATE_METHOD_MATCH = YES;
				COPY_PHASE_STRIP = NO;
				DEBUG_INFORMATION_FORMAT = "dwarf-with-dsym";
				ENABLE_NS_ASSERTIONS = NO;
				ENABLE_STRICT_OBJC_MSGSEND = YES;
				GCC_C_LANGUAGE_STANDARD = gnu11;
				GCC_NO_COMMON_BLOCKS = YES;
				GCC_WARN_64_TO_32_BIT_CONVERSION = YES;
				GCC_WARN_ABOUT_RETURN_TYPE = YES_ERROR;
				GCC_WARN_UNDECLARED_SELECTOR = YES;
				GCC_WARN_UNINITIALIZED_AUTOS = YES_AGGRESSIVE;
				GCC_WARN_UNUSED_FUNCTION = YES;
				GCC_WARN_UNUSED_VARIABLE = YES;
				IPHONEOS_DEPLOYMENT_TARGET = 13.2;
				MTL_ENABLE_DEBUG_INFO = NO;
				MTL_FAST_MATH = YES;
				SDKROOT = iphoneos;
				SWIFT_COMPILATION_MODE = wholemodule;
				SWIFT_OPTIMIZATION_LEVEL = "-O";
				VALIDATE_PRODUCT = YES;
			};
			name = Release;
		};
		B413130023D2F7E900B724C3 /* Debug */ = {
			isa = XCBuildConfiguration;
			buildSettings = {
				ASSETCATALOG_COMPILER_APPICON_NAME = AppIcon;
				CODE_SIGN_STYLE = Automatic;
				INFOPLIST_FILE = CalendarAPI/Info.plist;
				LD_RUNPATH_SEARCH_PATHS = (
					"$(inherited)",
					"@executable_path/Frameworks",
				);
				PRODUCT_BUNDLE_IDENTIFIER = imran.CalendarAPI;
				PRODUCT_NAME = "$(TARGET_NAME)";
				SWIFT_VERSION = 5.0;
				TARGETED_DEVICE_FAMILY = "1,2";
			};
			name = Debug;
		};
		B413130123D2F7E900B724C3 /* Release */ = {
			isa = XCBuildConfiguration;
			buildSettings = {
				ASSETCATALOG_COMPILER_APPICON_NAME = AppIcon;
				CODE_SIGN_STYLE = Automatic;
				INFOPLIST_FILE = CalendarAPI/Info.plist;
				LD_RUNPATH_SEARCH_PATHS = (
					"$(inherited)",
					"@executable_path/Frameworks",
				);
				PRODUCT_BUNDLE_IDENTIFIER = imran.CalendarAPI;
				PRODUCT_NAME = "$(TARGET_NAME)";
				SWIFT_VERSION = 5.0;
				TARGETED_DEVICE_FAMILY = "1,2";
			};
			name = Release;
		};
/* End XCBuildConfiguration section */

/* Begin XCConfigurationList section */
		B41312E623D2F7C200B724C3 /* Build configuration list for PBXProject "CalendarAPI" */ = {
			isa = XCConfigurationList;
			buildConfigurations = (
				B41312FD23D2F7E900B724C3 /* Debug */,
				B41312FE23D2F7E900B724C3 /* Release */,
			);
			defaultConfigurationIsVisible = 0;
			defaultConfigurationName = Release;
		};
		B41312FF23D2F7E900B724C3 /* Build configuration list for PBXNativeTarget "CalendarAPI" */ = {
			isa = XCConfigurationList;
			buildConfigurations = (
				B413130023D2F7E900B724C3 /* Debug */,
				B413130123D2F7E900B724C3 /* Release */,
			);
			defaultConfigurationIsVisible = 0;
			defaultConfigurationName = Release;
		};
/* End XCConfigurationList section */
	};
	rootObject = B41312E323D2F7C200B724C3 /* Project object */;
}
